// !$*UTF8*$!
{
	archiveVersion = 1;
	classes = {
	};
	objectVersion = 56;
	objects = {

/* Begin PBXBuildFile section */
		0205205F29F4793700D91D8D /* BannersData.json in Resources */ = {isa = PBXBuildFile; fileRef = 0205205C29F4793600D91D8D /* BannersData.json */; };
		0205206029F4793700D91D8D /* RecommendationsData.json in Resources */ = {isa = PBXBuildFile; fileRef = 0205205D29F4793700D91D8D /* RecommendationsData.json */; };
		0205206129F4793700D91D8D /* BooksData.json in Resources */ = {isa = PBXBuildFile; fileRef = 0205205E29F4793700D91D8D /* BooksData.json */; };
		0205206329F4799800D91D8D /* LocalDataManager.swift in Sources */ = {isa = PBXBuildFile; fileRef = 0205206229F4799800D91D8D /* LocalDataManager.swift */; };
		0205206529F47A9E00D91D8D /* BooksResponse.swift in Sources */ = {isa = PBXBuildFile; fileRef = 0205206429F47A9E00D91D8D /* BooksResponse.swift */; };
		0205206729F47B4700D91D8D /* RecomendationsResponse.swift in Sources */ = {isa = PBXBuildFile; fileRef = 0205206629F47B4700D91D8D /* RecomendationsResponse.swift */; };
		0205206929F47EC100D91D8D /* MainViewModel.swift in Sources */ = {isa = PBXBuildFile; fileRef = 0205206829F47EC100D91D8D /* MainViewModel.swift */; };
		0205206C29F47F5500D91D8D /* AppAssembly.swift in Sources */ = {isa = PBXBuildFile; fileRef = 0205206B29F47F5500D91D8D /* AppAssembly.swift */; };
		0205206F29F480F500D91D8D /* Router.swift in Sources */ = {isa = PBXBuildFile; fileRef = 0205206E29F480F500D91D8D /* Router.swift */; };
		0205207229F4824F00D91D8D /* ContainerExtension.swift in Sources */ = {isa = PBXBuildFile; fileRef = 0205207129F4824F00D91D8D /* ContainerExtension.swift */; };
		0205207529F4887A00D91D8D /* TopBanner.swift in Sources */ = {isa = PBXBuildFile; fileRef = 0205207429F4887A00D91D8D /* TopBanner.swift */; };
		0205207729F4899F00D91D8D /* BookModel.swift in Sources */ = {isa = PBXBuildFile; fileRef = 0205207629F4899F00D91D8D /* BookModel.swift */; };
		0205207A29F4927500D91D8D /* ImageCarouselView.swift in Sources */ = {isa = PBXBuildFile; fileRef = 0205207929F4927500D91D8D /* ImageCarouselView.swift */; };
		0205207D29F4A9C300D91D8D /* Theme.swift in Sources */ = {isa = PBXBuildFile; fileRef = 0205207C29F4A9C300D91D8D /* Theme.swift */; };
		0216435229F409D90061D68C /* GoogleService-Info.plist in Resources */ = {isa = PBXBuildFile; fileRef = 0216435129F409D80061D68C /* GoogleService-Info.plist */; };
		021B792229F56362007B5907 /* SummaryView.swift in Sources */ = {isa = PBXBuildFile; fileRef = 021B792129F56362007B5907 /* SummaryView.swift */; };
		021B792429F57642007B5907 /* SpinnerView.swift in Sources */ = {isa = PBXBuildFile; fileRef = 021B792329F57642007B5907 /* SpinnerView.swift */; };
		022FBEB529F4B3CD003011AE /* BookShelfView.swift in Sources */ = {isa = PBXBuildFile; fileRef = 022FBEB429F4B3CD003011AE /* BookShelfView.swift */; };
		022FBEB829F4B75F003011AE /* BookDetailsView.swift in Sources */ = {isa = PBXBuildFile; fileRef = 022FBEB729F4B75F003011AE /* BookDetailsView.swift */; };
		022FBEBA29F4B7FB003011AE /* SnapCarouselView.swift in Sources */ = {isa = PBXBuildFile; fileRef = 022FBEB929F4B7FB003011AE /* SnapCarouselView.swift */; };
		022FBEBC29F50938003011AE /* BookDetailsViewModel.swift in Sources */ = {isa = PBXBuildFile; fileRef = 022FBEBB29F50938003011AE /* BookDetailsViewModel.swift */; };
		022FBEBD29F515DA003011AE /* NunitoSans-Bold.ttf in Resources */ = {isa = PBXBuildFile; fileRef = 027BDDE229F4AC2800089FF6 /* NunitoSans-Bold.ttf */; };
		022FBEBE29F515DD003011AE /* NunitoSans-SemiBold.ttf in Resources */ = {isa = PBXBuildFile; fileRef = 027BDDE329F4AC2800089FF6 /* NunitoSans-SemiBold.ttf */; };
		022FBEC029F51A1F003011AE /* ViewExtensions.swift in Sources */ = {isa = PBXBuildFile; fileRef = 022FBEBF29F51A1F003011AE /* ViewExtensions.swift */; };
		022FBEC329F54D99003011AE /* SplashScreenView.swift in Sources */ = {isa = PBXBuildFile; fileRef = 022FBEC229F54D99003011AE /* SplashScreenView.swift */; };
		0281970829F57BA9008A4737 /* SnackBarView.swift in Sources */ = {isa = PBXBuildFile; fileRef = 0281970729F57BA9008A4737 /* SnackBarView.swift */; };
		02A55DAD29F3D97C00755DF2 /* swiftgen.yml in Resources */ = {isa = PBXBuildFile; fileRef = 02A55DAC29F3D97C00755DF2 /* swiftgen.yml */; };
		02A55DB029F3D9A900755DF2 /* Localizable.strings in Resources */ = {isa = PBXBuildFile; fileRef = 02A55DB229F3D9A900755DF2 /* Localizable.strings */; };
		02A55DB629F3D9F200755DF2 /* Assets.swift in Sources */ = {isa = PBXBuildFile; fileRef = 02A55DB429F3D9F200755DF2 /* Assets.swift */; };
		02A55DB729F3D9F200755DF2 /* Strings.swift in Sources */ = {isa = PBXBuildFile; fileRef = 02A55DB529F3D9F200755DF2 /* Strings.swift */; };
		02A55DBC29F3DD8700755DF2 /* FirebaseManager.swift in Sources */ = {isa = PBXBuildFile; fileRef = 02A55DBB29F3DD8700755DF2 /* FirebaseManager.swift */; };
		02CEC47429F3D3320045AA62 /* BookApp.swift in Sources */ = {isa = PBXBuildFile; fileRef = 02CEC47329F3D3320045AA62 /* BookApp.swift */; };
		02CEC47629F3D3320045AA62 /* MainView.swift in Sources */ = {isa = PBXBuildFile; fileRef = 02CEC47529F3D3320045AA62 /* MainView.swift */; };
		02CEC47829F3D3340045AA62 /* Assets.xcassets in Resources */ = {isa = PBXBuildFile; fileRef = 02CEC47729F3D3340045AA62 /* Assets.xcassets */; };
		02CEC47B29F3D3340045AA62 /* Preview Assets.xcassets in Resources */ = {isa = PBXBuildFile; fileRef = 02CEC47A29F3D3340045AA62 /* Preview Assets.xcassets */; };
		02CEC48629F3D4790045AA62 /* BannersResponse.swift in Sources */ = {isa = PBXBuildFile; fileRef = 02CEC48529F3D4790045AA62 /* BannersResponse.swift */; };
		1CB14C7D39A9C969784870EF /* Pods_BookApp.framework in Frameworks */ = {isa = PBXBuildFile; fileRef = A4D85FB3AB100E6DF90858BF /* Pods_BookApp.framework */; };
/* End PBXBuildFile section */

/* Begin PBXFileReference section */
		0205205C29F4793600D91D8D /* BannersData.json */ = {isa = PBXFileReference; fileEncoding = 4; lastKnownFileType = text.json; path = BannersData.json; sourceTree = "<group>"; };
		0205205D29F4793700D91D8D /* RecommendationsData.json */ = {isa = PBXFileReference; fileEncoding = 4; lastKnownFileType = text.json; path = RecommendationsData.json; sourceTree = "<group>"; };
		0205205E29F4793700D91D8D /* BooksData.json */ = {isa = PBXFileReference; fileEncoding = 4; lastKnownFileType = text.json; path = BooksData.json; sourceTree = "<group>"; };
		0205206229F4799800D91D8D /* LocalDataManager.swift */ = {isa = PBXFileReference; lastKnownFileType = sourcecode.swift; path = LocalDataManager.swift; sourceTree = "<group>"; };
		0205206429F47A9E00D91D8D /* BooksResponse.swift */ = {isa = PBXFileReference; lastKnownFileType = sourcecode.swift; path = BooksResponse.swift; sourceTree = "<group>"; };
		0205206629F47B4700D91D8D /* RecomendationsResponse.swift */ = {isa = PBXFileReference; lastKnownFileType = sourcecode.swift; path = RecomendationsResponse.swift; sourceTree = "<group>"; };
		0205206829F47EC100D91D8D /* MainViewModel.swift */ = {isa = PBXFileReference; lastKnownFileType = sourcecode.swift; path = MainViewModel.swift; sourceTree = "<group>"; };
		0205206B29F47F5500D91D8D /* AppAssembly.swift */ = {isa = PBXFileReference; lastKnownFileType = sourcecode.swift; path = AppAssembly.swift; sourceTree = "<group>"; };
		0205206E29F480F500D91D8D /* Router.swift */ = {isa = PBXFileReference; lastKnownFileType = sourcecode.swift; path = Router.swift; sourceTree = "<group>"; };
		0205207129F4824F00D91D8D /* ContainerExtension.swift */ = {isa = PBXFileReference; lastKnownFileType = sourcecode.swift; path = ContainerExtension.swift; sourceTree = "<group>"; };
		0205207429F4887A00D91D8D /* TopBanner.swift */ = {isa = PBXFileReference; lastKnownFileType = sourcecode.swift; path = TopBanner.swift; sourceTree = "<group>"; };
		0205207629F4899F00D91D8D /* BookModel.swift */ = {isa = PBXFileReference; lastKnownFileType = sourcecode.swift; path = BookModel.swift; sourceTree = "<group>"; };
		0205207929F4927500D91D8D /* ImageCarouselView.swift */ = {isa = PBXFileReference; lastKnownFileType = sourcecode.swift; path = ImageCarouselView.swift; sourceTree = "<group>"; };
		0205207C29F4A9C300D91D8D /* Theme.swift */ = {isa = PBXFileReference; lastKnownFileType = sourcecode.swift; path = Theme.swift; sourceTree = "<group>"; };
		0216435129F409D80061D68C /* GoogleService-Info.plist */ = {isa = PBXFileReference; fileEncoding = 4; lastKnownFileType = text.plist.xml; name = "GoogleService-Info.plist"; path = "../../Book-App-ee09a217938a59a1144c7a6da4501b526910efbb/BookApp/BookApp/Enviroment/GoogleService-Info.plist"; sourceTree = "<group>"; };
		021B792129F56362007B5907 /* SummaryView.swift */ = {isa = PBXFileReference; lastKnownFileType = sourcecode.swift; path = SummaryView.swift; sourceTree = "<group>"; };
		021B792329F57642007B5907 /* SpinnerView.swift */ = {isa = PBXFileReference; lastKnownFileType = sourcecode.swift; path = SpinnerView.swift; sourceTree = "<group>"; };
		022FBEB429F4B3CD003011AE /* BookShelfView.swift */ = {isa = PBXFileReference; lastKnownFileType = sourcecode.swift; path = BookShelfView.swift; sourceTree = "<group>"; };
		022FBEB729F4B75F003011AE /* BookDetailsView.swift */ = {isa = PBXFileReference; lastKnownFileType = sourcecode.swift; path = BookDetailsView.swift; sourceTree = "<group>"; };
		022FBEB929F4B7FB003011AE /* SnapCarouselView.swift */ = {isa = PBXFileReference; lastKnownFileType = sourcecode.swift; path = SnapCarouselView.swift; sourceTree = "<group>"; };
		022FBEBB29F50938003011AE /* BookDetailsViewModel.swift */ = {isa = PBXFileReference; lastKnownFileType = sourcecode.swift; path = BookDetailsViewModel.swift; sourceTree = "<group>"; };
		022FBEBF29F51A1F003011AE /* ViewExtensions.swift */ = {isa = PBXFileReference; lastKnownFileType = sourcecode.swift; path = ViewExtensions.swift; sourceTree = "<group>"; };
		022FBEC229F54D99003011AE /* SplashScreenView.swift */ = {isa = PBXFileReference; lastKnownFileType = sourcecode.swift; path = SplashScreenView.swift; sourceTree = "<group>"; };
		027BDDE229F4AC2800089FF6 /* NunitoSans-Bold.ttf */ = {isa = PBXFileReference; lastKnownFileType = file; path = "NunitoSans-Bold.ttf"; sourceTree = "<group>"; };
		027BDDE329F4AC2800089FF6 /* NunitoSans-SemiBold.ttf */ = {isa = PBXFileReference; lastKnownFileType = file; path = "NunitoSans-SemiBold.ttf"; sourceTree = "<group>"; };
		027BDDE429F4ADA500089FF6 /* Info.plist */ = {isa = PBXFileReference; lastKnownFileType = text.plist; path = Info.plist; sourceTree = "<group>"; };
		0281970729F57BA9008A4737 /* SnackBarView.swift */ = {isa = PBXFileReference; lastKnownFileType = sourcecode.swift; path = SnackBarView.swift; sourceTree = "<group>"; };
		02A55DAC29F3D97C00755DF2 /* swiftgen.yml */ = {isa = PBXFileReference; fileEncoding = 4; lastKnownFileType = text.yaml; path = swiftgen.yml; sourceTree = "<group>"; };
		02A55DB129F3D9A900755DF2 /* en */ = {isa = PBXFileReference; lastKnownFileType = text.plist.strings; name = en; path = en.lproj/Localizable.strings; sourceTree = "<group>"; };
		02A55DB429F3D9F200755DF2 /* Assets.swift */ = {isa = PBXFileReference; fileEncoding = 4; lastKnownFileType = sourcecode.swift; path = Assets.swift; sourceTree = "<group>"; };
		02A55DB529F3D9F200755DF2 /* Strings.swift */ = {isa = PBXFileReference; fileEncoding = 4; lastKnownFileType = sourcecode.swift; path = Strings.swift; sourceTree = "<group>"; };
		02A55DBB29F3DD8700755DF2 /* FirebaseManager.swift */ = {isa = PBXFileReference; lastKnownFileType = sourcecode.swift; path = FirebaseManager.swift; sourceTree = "<group>"; };
		02CEC47029F3D3320045AA62 /* BookApp.app */ = {isa = PBXFileReference; explicitFileType = wrapper.application; includeInIndex = 0; path = BookApp.app; sourceTree = BUILT_PRODUCTS_DIR; };
		02CEC47329F3D3320045AA62 /* BookApp.swift */ = {isa = PBXFileReference; lastKnownFileType = sourcecode.swift; path = BookApp.swift; sourceTree = "<group>"; };
		02CEC47529F3D3320045AA62 /* MainView.swift */ = {isa = PBXFileReference; lastKnownFileType = sourcecode.swift; path = MainView.swift; sourceTree = "<group>"; };
		02CEC47729F3D3340045AA62 /* Assets.xcassets */ = {isa = PBXFileReference; lastKnownFileType = folder.assetcatalog; path = Assets.xcassets; sourceTree = "<group>"; };
		02CEC47A29F3D3340045AA62 /* Preview Assets.xcassets */ = {isa = PBXFileReference; lastKnownFileType = folder.assetcatalog; path = "Preview Assets.xcassets"; sourceTree = "<group>"; };
		02CEC48529F3D4790045AA62 /* BannersResponse.swift */ = {isa = PBXFileReference; lastKnownFileType = sourcecode.swift; path = BannersResponse.swift; sourceTree = "<group>"; };
		2267540C2569D860DA6D1D78 /* Pods-Book.release.xcconfig */ = {isa = PBXFileReference; includeInIndex = 1; lastKnownFileType = text.xcconfig; name = "Pods-Book.release.xcconfig"; path = "Target Support Files/Pods-Book/Pods-Book.release.xcconfig"; sourceTree = "<group>"; };
		2B90E175411C773D159929EA /* Pods-Book.debug.xcconfig */ = {isa = PBXFileReference; includeInIndex = 1; lastKnownFileType = text.xcconfig; name = "Pods-Book.debug.xcconfig"; path = "Target Support Files/Pods-Book/Pods-Book.debug.xcconfig"; sourceTree = "<group>"; };
		337FC0B07E831934ECF14595 /* Pods-BookApp.debug.xcconfig */ = {isa = PBXFileReference; includeInIndex = 1; lastKnownFileType = text.xcconfig; name = "Pods-BookApp.debug.xcconfig"; path = "Target Support Files/Pods-BookApp/Pods-BookApp.debug.xcconfig"; sourceTree = "<group>"; };
		A4D85FB3AB100E6DF90858BF /* Pods_BookApp.framework */ = {isa = PBXFileReference; explicitFileType = wrapper.framework; includeInIndex = 0; path = Pods_BookApp.framework; sourceTree = BUILT_PRODUCTS_DIR; };
		B106A8F0ACF3946B0890563E /* Pods-BookApp.release.xcconfig */ = {isa = PBXFileReference; includeInIndex = 1; lastKnownFileType = text.xcconfig; name = "Pods-BookApp.release.xcconfig"; path = "Target Support Files/Pods-BookApp/Pods-BookApp.release.xcconfig"; sourceTree = "<group>"; };
/* End PBXFileReference section */

/* Begin PBXFrameworksBuildPhase section */
		02CEC46D29F3D3320045AA62 /* Frameworks */ = {
			isa = PBXFrameworksBuildPhase;
			buildActionMask = 2147483647;
			files = (
				1CB14C7D39A9C969784870EF /* Pods_BookApp.framework in Frameworks */,
			);
			runOnlyForDeploymentPostprocessing = 0;
		};
/* End PBXFrameworksBuildPhase section */

/* Begin PBXGroup section */
		0205205B29F4792400D91D8D /* MockedJSON */ = {
			isa = PBXGroup;
			children = (
				0205205C29F4793600D91D8D /* BannersData.json */,
				0205205E29F4793700D91D8D /* BooksData.json */,
				0205205D29F4793700D91D8D /* RecommendationsData.json */,
			);
			path = MockedJSON;
			sourceTree = "<group>";
		};
		0205206A29F47F2D00D91D8D /* DI */ = {
			isa = PBXGroup;
			children = (
				0205206B29F47F5500D91D8D /* AppAssembly.swift */,
			);
			path = DI;
			sourceTree = "<group>";
		};
		0205206D29F480D600D91D8D /* Router */ = {
			isa = PBXGroup;
			children = (
				0205206E29F480F500D91D8D /* Router.swift */,
			);
			path = Router;
			sourceTree = "<group>";
		};
		0205207029F4823900D91D8D /* Extensions */ = {
			isa = PBXGroup;
			children = (
				0205207129F4824F00D91D8D /* ContainerExtension.swift */,
				022FBEBF29F51A1F003011AE /* ViewExtensions.swift */,
			);
			path = Extensions;
			sourceTree = "<group>";
		};
		0205207329F4885000D91D8D /* Models */ = {
			isa = PBXGroup;
			children = (
				0205207429F4887A00D91D8D /* TopBanner.swift */,
				0205207629F4899F00D91D8D /* BookModel.swift */,
			);
			path = Models;
			sourceTree = "<group>";
		};
		0205207829F4926100D91D8D /* Elements */ = {
			isa = PBXGroup;
			children = (
				0205207929F4927500D91D8D /* ImageCarouselView.swift */,
				022FBEB929F4B7FB003011AE /* SnapCarouselView.swift */,
				021B792329F57642007B5907 /* SpinnerView.swift */,
				0281970729F57BA9008A4737 /* SnackBarView.swift */,
			);
			path = Elements;
			sourceTree = "<group>";
		};
		021B792029F56356007B5907 /* Elements */ = {
			isa = PBXGroup;
			children = (
				021B792129F56362007B5907 /* SummaryView.swift */,
			);
			path = Elements;
			sourceTree = "<group>";
		};
		022FBEB329F4B3A6003011AE /* Elements */ = {
			isa = PBXGroup;
			children = (
				022FBEB429F4B3CD003011AE /* BookShelfView.swift */,
			);
			path = Elements;
			sourceTree = "<group>";
		};
		022FBEB629F4B74E003011AE /* BookDetails */ = {
			isa = PBXGroup;
			children = (
				021B792029F56356007B5907 /* Elements */,
				022FBEB729F4B75F003011AE /* BookDetailsView.swift */,
				022FBEBB29F50938003011AE /* BookDetailsViewModel.swift */,
			);
			path = BookDetails;
			sourceTree = "<group>";
		};
		022FBEC129F54D8A003011AE /* SplashScreen */ = {
			isa = PBXGroup;
			children = (
				022FBEC229F54D99003011AE /* SplashScreenView.swift */,
			);
			path = SplashScreen;
			sourceTree = "<group>";
		};
		027BDDE129F4AC1400089FF6 /* Fonts */ = {
			isa = PBXGroup;
			children = (
				027BDDE229F4AC2800089FF6 /* NunitoSans-Bold.ttf */,
				027BDDE329F4AC2800089FF6 /* NunitoSans-SemiBold.ttf */,
			);
			path = Fonts;
			sourceTree = "<group>";
		};
		02A55DB329F3D9D600755DF2 /* SwiftGen */ = {
			isa = PBXGroup;
			children = (
				02A55DB429F3D9F200755DF2 /* Assets.swift */,
				02A55DB529F3D9F200755DF2 /* Strings.swift */,
			);
			path = SwiftGen;
			sourceTree = "<group>";
		};
		02A55DBA29F3DA6900755DF2 /* Firebase */ = {
			isa = PBXGroup;
			children = (
				02A55DBB29F3DD8700755DF2 /* FirebaseManager.swift */,
			);
			path = Firebase;
			sourceTree = "<group>";
		};
		02CEC46729F3D3320045AA62 = {
			isa = PBXGroup;
			children = (
				02A55DAC29F3D97C00755DF2 /* swiftgen.yml */,
				0216435129F409D80061D68C /* GoogleService-Info.plist */,
				02CEC47229F3D3320045AA62 /* BookApp */,
				02CEC47129F3D3320045AA62 /* Products */,
				299B5C91ACABE299D81391D0 /* Pods */,
				370CBD8C56EAE740F8CD6A39 /* Frameworks */,
			);
			sourceTree = "<group>";
		};
		02CEC47129F3D3320045AA62 /* Products */ = {
			isa = PBXGroup;
			children = (
				02CEC47029F3D3320045AA62 /* BookApp.app */,
			);
			name = Products;
			sourceTree = "<group>";
		};
		02CEC47229F3D3320045AA62 /* BookApp */ = {
			isa = PBXGroup;
			children = (
				027BDDE429F4ADA500089FF6 /* Info.plist */,
				0205207C29F4A9C300D91D8D /* Theme.swift */,
				027BDDE129F4AC1400089FF6 /* Fonts */,
				0205207329F4885000D91D8D /* Models */,
				0205207029F4823900D91D8D /* Extensions */,
				0205206D29F480D600D91D8D /* Router */,
				0205206A29F47F2D00D91D8D /* DI */,
				02A55DB329F3D9D600755DF2 /* SwiftGen */,
				02A55DB229F3D9A900755DF2 /* Localizable.strings */,
				02CEC48329F3D45E0045AA62 /* Network */,
				02CEC48129F3D34F0045AA62 /* Presentation */,
				02CEC47729F3D3340045AA62 /* Assets.xcassets */,
				02CEC47929F3D3340045AA62 /* Preview Content */,
			);
			path = BookApp;
			sourceTree = "<group>";
		};
		02CEC47929F3D3340045AA62 /* Preview Content */ = {
			isa = PBXGroup;
			children = (
				02CEC47A29F3D3340045AA62 /* Preview Assets.xcassets */,
			);
			path = "Preview Content";
			sourceTree = "<group>";
		};
		02CEC48129F3D34F0045AA62 /* Presentation */ = {
			isa = PBXGroup;
			children = (
				02CEC47329F3D3320045AA62 /* BookApp.swift */,
				022FBEC129F54D8A003011AE /* SplashScreen */,
				02CEC48229F3D3580045AA62 /* MainView */,
				022FBEB629F4B74E003011AE /* BookDetails */,
				0205207829F4926100D91D8D /* Elements */,
			);
			path = Presentation;
			sourceTree = "<group>";
		};
		02CEC48229F3D3580045AA62 /* MainView */ = {
			isa = PBXGroup;
			children = (
				022FBEB329F4B3A6003011AE /* Elements */,
				02CEC47529F3D3320045AA62 /* MainView.swift */,
				0205206829F47EC100D91D8D /* MainViewModel.swift */,
			);
			path = MainView;
			sourceTree = "<group>";
		};
		02CEC48329F3D45E0045AA62 /* Network */ = {
			isa = PBXGroup;
			children = (
				0205205B29F4792400D91D8D /* MockedJSON */,
				02A55DBA29F3DA6900755DF2 /* Firebase */,
				02CEC48429F3D4680045AA62 /* ResponseModels */,
				0205206229F4799800D91D8D /* LocalDataManager.swift */,
			);
			path = Network;
			sourceTree = "<group>";
		};
		02CEC48429F3D4680045AA62 /* ResponseModels */ = {
			isa = PBXGroup;
			children = (
				02CEC48529F3D4790045AA62 /* BannersResponse.swift */,
				0205206429F47A9E00D91D8D /* BooksResponse.swift */,
				0205206629F47B4700D91D8D /* RecomendationsResponse.swift */,
			);
			path = ResponseModels;
			sourceTree = "<group>";
		};
		299B5C91ACABE299D81391D0 /* Pods */ = {
			isa = PBXGroup;
			children = (
				2B90E175411C773D159929EA /* Pods-Book.debug.xcconfig */,
				2267540C2569D860DA6D1D78 /* Pods-Book.release.xcconfig */,
				337FC0B07E831934ECF14595 /* Pods-BookApp.debug.xcconfig */,
				B106A8F0ACF3946B0890563E /* Pods-BookApp.release.xcconfig */,
			);
			path = Pods;
			sourceTree = "<group>";
		};
		370CBD8C56EAE740F8CD6A39 /* Frameworks */ = {
			isa = PBXGroup;
			children = (
				A4D85FB3AB100E6DF90858BF /* Pods_BookApp.framework */,
			);
			name = Frameworks;
			sourceTree = "<group>";
		};
/* End PBXGroup section */

/* Begin PBXNativeTarget section */
		02CEC46F29F3D3320045AA62 /* BookApp */ = {
			isa = PBXNativeTarget;
			buildConfigurationList = 02CEC47E29F3D3340045AA62 /* Build configuration list for PBXNativeTarget "BookApp" */;
			buildPhases = (
				4EC722908223B4B913DE6FA4 /* [CP] Check Pods Manifest.lock */,
				02A55DAA29F3D86600755DF2 /* SwiftLint */,
				02A55DAB29F3D88300755DF2 /* SwiftGen */,
				02CEC46C29F3D3320045AA62 /* Sources */,
				02CEC46D29F3D3320045AA62 /* Frameworks */,
				02CEC46E29F3D3320045AA62 /* Resources */,
				A290683D1E3330B2FFB9FA29 /* [CP] Embed Pods Frameworks */,
			);
			buildRules = (
			);
			dependencies = (
			);
			name = BookApp;
			productName = Book;
			productReference = 02CEC47029F3D3320045AA62 /* BookApp.app */;
			productType = "com.apple.product-type.application";
		};
/* End PBXNativeTarget section */

/* Begin PBXProject section */
		02CEC46829F3D3320045AA62 /* Project object */ = {
			isa = PBXProject;
			attributes = {
				BuildIndependentTargetsInParallel = 1;
				LastSwiftUpdateCheck = 1430;
				LastUpgradeCheck = 1430;
				TargetAttributes = {
					02CEC46F29F3D3320045AA62 = {
						CreatedOnToolsVersion = 14.3;
					};
				};
			};
			buildConfigurationList = 02CEC46B29F3D3320045AA62 /* Build configuration list for PBXProject "BookApp" */;
			compatibilityVersion = "Xcode 14.0";
			developmentRegion = en;
			hasScannedForEncodings = 0;
			knownRegions = (
				en,
				Base,
			);
			mainGroup = 02CEC46729F3D3320045AA62;
			productRefGroup = 02CEC47129F3D3320045AA62 /* Products */;
			projectDirPath = "";
			projectRoot = "";
			targets = (
				02CEC46F29F3D3320045AA62 /* BookApp */,
			);
		};
/* End PBXProject section */

/* Begin PBXResourcesBuildPhase section */
		02CEC46E29F3D3320045AA62 /* Resources */ = {
			isa = PBXResourcesBuildPhase;
			buildActionMask = 2147483647;
			files = (
				02CEC47B29F3D3340045AA62 /* Preview Assets.xcassets in Resources */,
				02A55DB029F3D9A900755DF2 /* Localizable.strings in Resources */,
				02CEC47829F3D3340045AA62 /* Assets.xcassets in Resources */,
				0205206029F4793700D91D8D /* RecommendationsData.json in Resources */,
				0205205F29F4793700D91D8D /* BannersData.json in Resources */,
				022FBEBE29F515DD003011AE /* NunitoSans-SemiBold.ttf in Resources */,
				02A55DAD29F3D97C00755DF2 /* swiftgen.yml in Resources */,
				022FBEBD29F515DA003011AE /* NunitoSans-Bold.ttf in Resources */,
				0205206129F4793700D91D8D /* BooksData.json in Resources */,
				0216435229F409D90061D68C /* GoogleService-Info.plist in Resources */,
			);
			runOnlyForDeploymentPostprocessing = 0;
		};
/* End PBXResourcesBuildPhase section */

/* Begin PBXShellScriptBuildPhase section */
		02A55DAA29F3D86600755DF2 /* SwiftLint */ = {
			isa = PBXShellScriptBuildPhase;
			buildActionMask = 2147483647;
			files = (
			);
			inputFileListPaths = (
			);
			inputPaths = (
			);
			name = SwiftLint;
			outputFileListPaths = (
			);
			outputPaths = (
			);
			runOnlyForDeploymentPostprocessing = 0;
			shellPath = /bin/sh;
			shellScript = "\"${PODS_ROOT}/SwiftLint/swiftlint\"\n";
		};
		02A55DAB29F3D88300755DF2 /* SwiftGen */ = {
			isa = PBXShellScriptBuildPhase;
			buildActionMask = 2147483647;
			files = (
			);
			inputFileListPaths = (
			);
			inputPaths = (
			);
			name = SwiftGen;
			outputFileListPaths = (
			);
			outputPaths = (
			);
			runOnlyForDeploymentPostprocessing = 0;
			shellPath = /bin/sh;
			shellScript = "if [[ -f \"${PODS_ROOT}/SwiftGen/bin/swiftgen\" ]]; then\n  \"${PODS_ROOT}/SwiftGen/bin/swiftgen\"\nelse\n  echo \"warning: SwiftGen is not installed. Run 'pod install --repo-update' to install it.\"\nfi\n";
		};
		4EC722908223B4B913DE6FA4 /* [CP] Check Pods Manifest.lock */ = {
			isa = PBXShellScriptBuildPhase;
			buildActionMask = 2147483647;
			files = (
			);
			inputFileListPaths = (
			);
			inputPaths = (
				"${PODS_PODFILE_DIR_PATH}/Podfile.lock",
				"${PODS_ROOT}/Manifest.lock",
			);
			name = "[CP] Check Pods Manifest.lock";
			outputFileListPaths = (
			);
			outputPaths = (
				"$(DERIVED_FILE_DIR)/Pods-BookApp-checkManifestLockResult.txt",
			);
			runOnlyForDeploymentPostprocessing = 0;
			shellPath = /bin/sh;
			shellScript = "diff \"${PODS_PODFILE_DIR_PATH}/Podfile.lock\" \"${PODS_ROOT}/Manifest.lock\" > /dev/null\nif [ $? != 0 ] ; then\n    # print error to STDERR\n    echo \"error: The sandbox is not in sync with the Podfile.lock. Run 'pod install' or update your CocoaPods installation.\" >&2\n    exit 1\nfi\n# This output is used by Xcode 'outputs' to avoid re-running this script phase.\necho \"SUCCESS\" > \"${SCRIPT_OUTPUT_FILE_0}\"\n";
			showEnvVarsInLog = 0;
		};
		A290683D1E3330B2FFB9FA29 /* [CP] Embed Pods Frameworks */ = {
			isa = PBXShellScriptBuildPhase;
			buildActionMask = 2147483647;
			files = (
			);
			inputFileListPaths = (
				"${PODS_ROOT}/Target Support Files/Pods-BookApp/Pods-BookApp-frameworks-${CONFIGURATION}-input-files.xcfilelist",
			);
			name = "[CP] Embed Pods Frameworks";
			outputFileListPaths = (
				"${PODS_ROOT}/Target Support Files/Pods-BookApp/Pods-BookApp-frameworks-${CONFIGURATION}-output-files.xcfilelist",
			);
			runOnlyForDeploymentPostprocessing = 0;
			shellPath = /bin/sh;
			shellScript = "\"${PODS_ROOT}/Target Support Files/Pods-BookApp/Pods-BookApp-frameworks.sh\"\n";
			showEnvVarsInLog = 0;
		};
/* End PBXShellScriptBuildPhase section */

/* Begin PBXSourcesBuildPhase section */
		02CEC46C29F3D3320045AA62 /* Sources */ = {
			isa = PBXSourcesBuildPhase;
			buildActionMask = 2147483647;
			files = (
				022FBEC029F51A1F003011AE /* ViewExtensions.swift in Sources */,
				021B792429F57642007B5907 /* SpinnerView.swift in Sources */,
				022FBEB529F4B3CD003011AE /* BookShelfView.swift in Sources */,
				0205207729F4899F00D91D8D /* BookModel.swift in Sources */,
				02A55DBC29F3DD8700755DF2 /* FirebaseManager.swift in Sources */,
				022FBEB829F4B75F003011AE /* BookDetailsView.swift in Sources */,
				021B792229F56362007B5907 /* SummaryView.swift in Sources */,
				022FBEBA29F4B7FB003011AE /* SnapCarouselView.swift in Sources */,
				0205206729F47B4700D91D8D /* RecomendationsResponse.swift in Sources */,
				022FBEC329F54D99003011AE /* SplashScreenView.swift in Sources */,
				02CEC47629F3D3320045AA62 /* MainView.swift in Sources */,
				02CEC47429F3D3320045AA62 /* BookApp.swift in Sources */,
				0205206529F47A9E00D91D8D /* BooksResponse.swift in Sources */,
				02A55DB729F3D9F200755DF2 /* Strings.swift in Sources */,
				0205206C29F47F5500D91D8D /* AppAssembly.swift in Sources */,
				02A55DB629F3D9F200755DF2 /* Assets.swift in Sources */,
				0205206329F4799800D91D8D /* LocalDataManager.swift in Sources */,
				0281970829F57BA9008A4737 /* SnackBarView.swift in Sources */,
				02CEC48629F3D4790045AA62 /* BannersResponse.swift in Sources */,
				0205206929F47EC100D91D8D /* MainViewModel.swift in Sources */,
				022FBEBC29F50938003011AE /* BookDetailsViewModel.swift in Sources */,
				0205206F29F480F500D91D8D /* Router.swift in Sources */,
				0205207229F4824F00D91D8D /* ContainerExtension.swift in Sources */,
				0205207A29F4927500D91D8D /* ImageCarouselView.swift in Sources */,
				0205207529F4887A00D91D8D /* TopBanner.swift in Sources */,
				0205207D29F4A9C300D91D8D /* Theme.swift in Sources */,
			);
			runOnlyForDeploymentPostprocessing = 0;
		};
/* End PBXSourcesBuildPhase section */

/* Begin PBXVariantGroup section */
		02A55DB229F3D9A900755DF2 /* Localizable.strings */ = {
			isa = PBXVariantGroup;
			children = (
				02A55DB129F3D9A900755DF2 /* en */,
			);
			name = Localizable.strings;
			sourceTree = "<group>";
		};
/* End PBXVariantGroup section */

/* Begin XCBuildConfiguration section */
		02CEC47C29F3D3340045AA62 /* Debug */ = {
			isa = XCBuildConfiguration;
			buildSettings = {
				ALWAYS_SEARCH_USER_PATHS = NO;
				CLANG_ANALYZER_NONNULL = YES;
				CLANG_ANALYZER_NUMBER_OBJECT_CONVERSION = YES_AGGRESSIVE;
				CLANG_CXX_LANGUAGE_STANDARD = "gnu++20";
				CLANG_ENABLE_MODULES = YES;
				CLANG_ENABLE_OBJC_ARC = YES;
				CLANG_ENABLE_OBJC_WEAK = YES;
				CLANG_WARN_BLOCK_CAPTURE_AUTORELEASING = YES;
				CLANG_WARN_BOOL_CONVERSION = YES;
				CLANG_WARN_COMMA = YES;
				CLANG_WARN_CONSTANT_CONVERSION = YES;
				CLANG_WARN_DEPRECATED_OBJC_IMPLEMENTATIONS = YES;
				CLANG_WARN_DIRECT_OBJC_ISA_USAGE = YES_ERROR;
				CLANG_WARN_DOCUMENTATION_COMMENTS = YES;
				CLANG_WARN_EMPTY_BODY = YES;
				CLANG_WARN_ENUM_CONVERSION = YES;
				CLANG_WARN_INFINITE_RECURSION = YES;
				CLANG_WARN_INT_CONVERSION = YES;
				CLANG_WARN_NON_LITERAL_NULL_CONVERSION = YES;
				CLANG_WARN_OBJC_IMPLICIT_RETAIN_SELF = YES;
				CLANG_WARN_OBJC_LITERAL_CONVERSION = YES;
				CLANG_WARN_OBJC_ROOT_CLASS = YES_ERROR;
				CLANG_WARN_QUOTED_INCLUDE_IN_FRAMEWORK_HEADER = YES;
				CLANG_WARN_RANGE_LOOP_ANALYSIS = YES;
				CLANG_WARN_STRICT_PROTOTYPES = YES;
				CLANG_WARN_SUSPICIOUS_MOVE = YES;
				CLANG_WARN_UNGUARDED_AVAILABILITY = YES_AGGRESSIVE;
				CLANG_WARN_UNREACHABLE_CODE = YES;
				CLANG_WARN__DUPLICATE_METHOD_MATCH = YES;
				COPY_PHASE_STRIP = NO;
				DEBUG_INFORMATION_FORMAT = dwarf;
				ENABLE_STRICT_OBJC_MSGSEND = YES;
				ENABLE_TESTABILITY = YES;
				GCC_C_LANGUAGE_STANDARD = gnu11;
				GCC_DYNAMIC_NO_PIC = NO;
				GCC_NO_COMMON_BLOCKS = YES;
				GCC_OPTIMIZATION_LEVEL = 0;
				GCC_PREPROCESSOR_DEFINITIONS = (
					"DEBUG=1",
					"$(inherited)",
				);
				GCC_WARN_64_TO_32_BIT_CONVERSION = YES;
				GCC_WARN_ABOUT_RETURN_TYPE = YES_ERROR;
				GCC_WARN_UNDECLARED_SELECTOR = YES;
				GCC_WARN_UNINITIALIZED_AUTOS = YES_AGGRESSIVE;
				GCC_WARN_UNUSED_FUNCTION = YES;
				GCC_WARN_UNUSED_VARIABLE = YES;
				IPHONEOS_DEPLOYMENT_TARGET = 14.0;
				MTL_ENABLE_DEBUG_INFO = INCLUDE_SOURCE;
				MTL_FAST_MATH = YES;
				ONLY_ACTIVE_ARCH = YES;
				PRODUCT_BUNDLE_IDENTIFIER = com.books.app;
				SDKROOT = iphoneos;
				SWIFT_ACTIVE_COMPILATION_CONDITIONS = DEBUG;
				SWIFT_OPTIMIZATION_LEVEL = "-Onone";
			};
			name = Debug;
		};
		02CEC47D29F3D3340045AA62 /* Release */ = {
			isa = XCBuildConfiguration;
			buildSettings = {
				ALWAYS_SEARCH_USER_PATHS = NO;
				CLANG_ANALYZER_NONNULL = YES;
				CLANG_ANALYZER_NUMBER_OBJECT_CONVERSION = YES_AGGRESSIVE;
				CLANG_CXX_LANGUAGE_STANDARD = "gnu++20";
				CLANG_ENABLE_MODULES = YES;
				CLANG_ENABLE_OBJC_ARC = YES;
				CLANG_ENABLE_OBJC_WEAK = YES;
				CLANG_WARN_BLOCK_CAPTURE_AUTORELEASING = YES;
				CLANG_WARN_BOOL_CONVERSION = YES;
				CLANG_WARN_COMMA = YES;
				CLANG_WARN_CONSTANT_CONVERSION = YES;
				CLANG_WARN_DEPRECATED_OBJC_IMPLEMENTATIONS = YES;
				CLANG_WARN_DIRECT_OBJC_ISA_USAGE = YES_ERROR;
				CLANG_WARN_DOCUMENTATION_COMMENTS = YES;
				CLANG_WARN_EMPTY_BODY = YES;
				CLANG_WARN_ENUM_CONVERSION = YES;
				CLANG_WARN_INFINITE_RECURSION = YES;
				CLANG_WARN_INT_CONVERSION = YES;
				CLANG_WARN_NON_LITERAL_NULL_CONVERSION = YES;
				CLANG_WARN_OBJC_IMPLICIT_RETAIN_SELF = YES;
				CLANG_WARN_OBJC_LITERAL_CONVERSION = YES;
				CLANG_WARN_OBJC_ROOT_CLASS = YES_ERROR;
				CLANG_WARN_QUOTED_INCLUDE_IN_FRAMEWORK_HEADER = YES;
				CLANG_WARN_RANGE_LOOP_ANALYSIS = YES;
				CLANG_WARN_STRICT_PROTOTYPES = YES;
				CLANG_WARN_SUSPICIOUS_MOVE = YES;
				CLANG_WARN_UNGUARDED_AVAILABILITY = YES_AGGRESSIVE;
				CLANG_WARN_UNREACHABLE_CODE = YES;
				CLANG_WARN__DUPLICATE_METHOD_MATCH = YES;
				COPY_PHASE_STRIP = NO;
				DEBUG_INFORMATION_FORMAT = "dwarf-with-dsym";
				ENABLE_NS_ASSERTIONS = NO;
				ENABLE_STRICT_OBJC_MSGSEND = YES;
				GCC_C_LANGUAGE_STANDARD = gnu11;
				GCC_NO_COMMON_BLOCKS = YES;
				GCC_WARN_64_TO_32_BIT_CONVERSION = YES;
				GCC_WARN_ABOUT_RETURN_TYPE = YES_ERROR;
				GCC_WARN_UNDECLARED_SELECTOR = YES;
				GCC_WARN_UNINITIALIZED_AUTOS = YES_AGGRESSIVE;
				GCC_WARN_UNUSED_FUNCTION = YES;
				GCC_WARN_UNUSED_VARIABLE = YES;
				IPHONEOS_DEPLOYMENT_TARGET = 14.0;
				MTL_ENABLE_DEBUG_INFO = NO;
				MTL_FAST_MATH = YES;
				PRODUCT_BUNDLE_IDENTIFIER = com.books.app;
				SDKROOT = iphoneos;
				SWIFT_COMPILATION_MODE = wholemodule;
				SWIFT_OPTIMIZATION_LEVEL = "-O";
				VALIDATE_PRODUCT = YES;
			};
			name = Release;
		};
		02CEC47F29F3D3340045AA62 /* Debug */ = {
			isa = XCBuildConfiguration;
			baseConfigurationReference = 337FC0B07E831934ECF14595 /* Pods-BookApp.debug.xcconfig */;
			buildSettings = {
				ASSETCATALOG_COMPILER_APPICON_NAME = AppIcon;
				ASSETCATALOG_COMPILER_GLOBAL_ACCENT_COLOR_NAME = AccentColor;
				CODE_SIGN_IDENTITY = "Apple Development";
				CODE_SIGN_STYLE = Automatic;
				CURRENT_PROJECT_VERSION = 1;
				DEVELOPMENT_ASSET_PATHS = "\"BookApp/Preview Content\"";
				DEVELOPMENT_TEAM = L8PG7LC3Y3;
				ENABLE_PREVIEWS = YES;
				GENERATE_INFOPLIST_FILE = YES;
				INFOPLIST_FILE = BookApp/Info.plist;
				INFOPLIST_KEY_CFBundleDisplayName = "Books App";
				INFOPLIST_KEY_LSApplicationCategoryType = "public.app-category.books";
				INFOPLIST_KEY_UIApplicationSceneManifest_Generation = YES;
				INFOPLIST_KEY_UIApplicationSupportsIndirectInputEvents = YES;
				INFOPLIST_KEY_UILaunchScreen_Generation = YES;
				INFOPLIST_KEY_UISupportedInterfaceOrientations = "UIInterfaceOrientationPortrait UIInterfaceOrientationPortraitUpsideDown";
				LD_RUNPATH_SEARCH_PATHS = (
					"$(inherited)",
					"@executable_path/Frameworks",
				);
				MARKETING_VERSION = 1.0;
				PRODUCT_BUNDLE_IDENTIFIER = com.books.app;
				PRODUCT_NAME = "$(TARGET_NAME)";
				PROVISIONING_PROFILE_SPECIFIER = "";
				SWIFT_EMIT_LOC_STRINGS = YES;
				SWIFT_VERSION = 5.0;
				TARGETED_DEVICE_FAMILY = "1,2";
			};
			name = Debug;
		};
		02CEC48029F3D3340045AA62 /* Release */ = {
			isa = XCBuildConfiguration;
			baseConfigurationReference = B106A8F0ACF3946B0890563E /* Pods-BookApp.release.xcconfig */;
			buildSettings = {
				ASSETCATALOG_COMPILER_APPICON_NAME = AppIcon;
				ASSETCATALOG_COMPILER_GLOBAL_ACCENT_COLOR_NAME = AccentColor;
				CODE_SIGN_IDENTITY = "Apple Development";
				CODE_SIGN_STYLE = Automatic;
				CURRENT_PROJECT_VERSION = 1;
				DEVELOPMENT_ASSET_PATHS = "\"BookApp/Preview Content\"";
				DEVELOPMENT_TEAM = L8PG7LC3Y3;
				ENABLE_PREVIEWS = YES;
				GENERATE_INFOPLIST_FILE = YES;
				INFOPLIST_FILE = BookApp/Info.plist;
				INFOPLIST_KEY_CFBundleDisplayName = "Books App";
				INFOPLIST_KEY_LSApplicationCategoryType = "public.app-category.books";
				INFOPLIST_KEY_UIApplicationSceneManifest_Generation = YES;
				INFOPLIST_KEY_UIApplicationSupportsIndirectInputEvents = YES;
				INFOPLIST_KEY_UILaunchScreen_Generation = YES;
				INFOPLIST_KEY_UISupportedInterfaceOrientations = "UIInterfaceOrientationPortrait UIInterfaceOrientationPortraitUpsideDown";
				LD_RUNPATH_SEARCH_PATHS = (
					"$(inherited)",
					"@executable_path/Frameworks",
				);
				MARKETING_VERSION = 1.0;
				PRODUCT_BUNDLE_IDENTIFIER = com.books.app;
				PRODUCT_NAME = "$(TARGET_NAME)";
				PROVISIONING_PROFILE_SPECIFIER = "";
				SWIFT_EMIT_LOC_STRINGS = YES;
				SWIFT_VERSION = 5.0;
				TARGETED_DEVICE_FAMILY = "1,2";
			};
			name = Release;
		};
/* End XCBuildConfiguration section */

/* Begin XCConfigurationList section */
		02CEC46B29F3D3320045AA62 /* Build configuration list for PBXProject "BookApp" */ = {
			isa = XCConfigurationList;
			buildConfigurations = (
				02CEC47C29F3D3340045AA62 /* Debug */,
				02CEC47D29F3D3340045AA62 /* Release */,
			);
			defaultConfigurationIsVisible = 0;
			defaultConfigurationName = Release;
		};
		02CEC47E29F3D3340045AA62 /* Build configuration list for PBXNativeTarget "BookApp" */ = {
			isa = XCConfigurationList;
			buildConfigurations = (
				02CEC47F29F3D3340045AA62 /* Debug */,
				02CEC48029F3D3340045AA62 /* Release */,
			);
			defaultConfigurationIsVisible = 0;
			defaultConfigurationName = Release;
		};
/* End XCConfigurationList section */
	};
	rootObject = 02CEC46829F3D3320045AA62 /* Project object */;
}
